
Microsoft Visual Studio Solution File, Format Version 12.00
# Visual Studio Version 17
VisualStudioVersion = 17.4.33205.214
MinimumVisualStudioVersion = 10.0.40219.1
Project("{FAE04EC0-301F-11D3-BF4B-00C04F79EFBC}") = "EntityFramework - Slider task", "EntityFramework - Slider task\EntityFramework - Slider task.csproj", "{3E712D32-A925-42A4-8D7C-AD257FB80E56}"
EndProject
Global
	GlobalSection(SolutionConfigurationPlatforms) = preSolution
		Debug|Any CPU = Debug|Any CPU
		Release|Any CPU = Release|Any CPU
	EndGlobalSection
	GlobalSection(ProjectConfigurationPlatforms) = postSolution
		{3E712D32-A925-42A4-8D7C-AD257FB80E56}.Debug|Any CPU.ActiveCfg = Debug|Any CPU
		{3E712D32-A925-42A4-8D7C-AD257FB80E56}.Debug|Any CPU.Build.0 = Debug|Any CPU
		{3E712D32-A925-42A4-8D7C-AD257FB80E56}.Release|Any CPU.ActiveCfg = Release|Any CPU
		{3E712D32-A925-42A4-8D7C-AD257FB80E56}.Release|Any CPU.Build.0 = Release|Any CPU
	EndGlobalSection
	GlobalSection(SolutionProperties) = preSolution
		HideSolutionNode = FALSE
	EndGlobalSection
	GlobalSection(ExtensibilityGlobals) = postSolution
		SolutionGuid = {B2EAC295-FC9B-455C-B7CD-DD36E89BB162}
	EndGlobalSection
EndGlobal
